Microsoft Visual Studio Solution File, Format Version 12.00
# Visual Studio Version 17
VisualStudioVersion = 17.5.2.0
MinimumVisualStudioVersion = 10.0.40219.1
Project("{2150E333-8FDC-42A3-9474-1A3956D46DE8}") = "SecureFileTransfer", "SecureFileTransfer", "{8DAC9C42-9C6C-D301-315B-26985B7EDA2C}"
EndProject
Project("{2150E333-8FDC-42A3-9474-1A3956D46DE8}") = "Backend", "Backend", "{9010B637-7FA1-8053-CD66-477346330F24}"
EndProject
Project("{FAE04EC0-301F-11D3-BF4B-00C04F79EFBC}") = "SecureFileSender.Api", "SecureFileTransfer\Backend\SecureFileSender.Api\SecureFileSender.Api.csproj", "{C7F435D9-C289-BA3F-702E-12DCC5CB1016}"
EndProject
Global
	GlobalSection(SolutionConfigurationPlatforms) = preSolution
		Debug|Any CPU = Debug|Any CPU
		Release|Any CPU = Release|Any CPU
	EndGlobalSection
	GlobalSection(ProjectConfigurationPlatforms) = postSolution
		{C7F435D9-C289-BA3F-702E-12DCC5CB1016}.Debug|Any CPU.ActiveCfg = Debug|Any CPU
		{C7F435D9-C289-BA3F-702E-12DCC5CB1016}.Debug|Any CPU.Build.0 = Debug|Any CPU
		{C7F435D9-C289-BA3F-702E-12DCC5CB1016}.Release|Any CPU.ActiveCfg = Release|Any CPU
		{C7F435D9-C289-BA3F-702E-12DCC5CB1016}.Release|Any CPU.Build.0 = Release|Any CPU
	EndGlobalSection
	GlobalSection(SolutionProperties) = preSolution
		HideSolutionNode = FALSE
	EndGlobalSection
	GlobalSection(NestedProjects) = preSolution
		{9010B637-7FA1-8053-CD66-477346330F24} = {8DAC9C42-9C6C-D301-315B-26985B7EDA2C}
		{C7F435D9-C289-BA3F-702E-12DCC5CB1016} = {9010B637-7FA1-8053-CD66-477346330F24}
	EndGlobalSection
	GlobalSection(ExtensibilityGlobals) = postSolution
		SolutionGuid = {18FE2A02-A0A0-4E89-A5B1-B46DE87D4CF9}
	EndGlobalSection
EndGlobal
